// !$*UTF8*$!
{
	archiveVersion = 1;
	classes = {
	};
	objectVersion = 46;
	objects = {

/* Begin PBXBuildFile section */
		0D027FFE1F662DB90042D1A4 /* AppDelegate.swift in Sources */ = {isa = PBXBuildFile; fileRef = 0D027FF01F662DB90042D1A4 /* AppDelegate.swift */; };
		0D027FFF1F662DB90042D1A4 /* LaunchScreen.storyboard in Resources */ = {isa = PBXBuildFile; fileRef = 0D027FF41F662DB90042D1A4 /* LaunchScreen.storyboard */; };
		0D0280001F662DB90042D1A4 /* Main.storyboard in Resources */ = {isa = PBXBuildFile; fileRef = 0D027FF51F662DB90042D1A4 /* Main.storyboard */; };
		0D0280011F662DB90042D1A4 /* Assets.xcassets in Resources */ = {isa = PBXBuildFile; fileRef = 0D027FF71F662DB90042D1A4 /* Assets.xcassets */; };
		0D0280021F662DB90042D1A4 /* Info.plist in Resources */ = {isa = PBXBuildFile; fileRef = 0D027FF81F662DB90042D1A4 /* Info.plist */; };
		0D0280031F662DB90042D1A4 /* ViewController.swift in Sources */ = {isa = PBXBuildFile; fileRef = 0D027FFC1F662DB90042D1A4 /* ViewController.swift */; };
		0D0280051F66312C0042D1A4 /* BaseViewController.swift in Sources */ = {isa = PBXBuildFile; fileRef = 0D0280041F66312C0042D1A4 /* BaseViewController.swift */; };
		0D0280071F6631560042D1A4 /* UIStoryboardExtension.swift in Sources */ = {isa = PBXBuildFile; fileRef = 0D0280061F6631560042D1A4 /* UIStoryboardExtension.swift */; };
		0D0280091F6631A30042D1A4 /* StringExtension.swift in Sources */ = {isa = PBXBuildFile; fileRef = 0D0280081F6631A30042D1A4 /* StringExtension.swift */; };
		0D02800B1F6631C00042D1A4 /* BaseModel.swift in Sources */ = {isa = PBXBuildFile; fileRef = 0D02800A1F6631C00042D1A4 /* BaseModel.swift */; };
		3B2122CF7AE11312680822F4 /* Pods_MVVM.framework in Frameworks */ = {isa = PBXBuildFile; fileRef = E308E0BA330CABA9B352CFE1 /* Pods_MVVM.framework */; };
/* End PBXBuildFile section */

/* Begin PBXFileReference section */
		04F0E0F2088245A76F47CB1D /* Pods-ZineSpots.debug.xcconfig */ = {isa = PBXFileReference; includeInIndex = 1; lastKnownFileType = text.xcconfig; name = "Pods-ZineSpots.debug.xcconfig"; path = "Pods/Target Support Files/Pods-ZineSpots/Pods-ZineSpots.debug.xcconfig"; sourceTree = "<group>"; };
		05A9A61FED7E01048DCA08D5 /* Pods_ZineSpots.framework */ = {isa = PBXFileReference; explicitFileType = wrapper.framework; includeInIndex = 0; path = Pods_ZineSpots.framework; sourceTree = BUILT_PRODUCTS_DIR; };
		0D027FF01F662DB90042D1A4 /* AppDelegate.swift */ = {isa = PBXFileReference; fileEncoding = 4; lastKnownFileType = sourcecode.swift; path = AppDelegate.swift; sourceTree = "<group>"; };
		0D027FF41F662DB90042D1A4 /* LaunchScreen.storyboard */ = {isa = PBXFileReference; fileEncoding = 4; lastKnownFileType = file.storyboard; path = LaunchScreen.storyboard; sourceTree = "<group>"; };
		0D027FF51F662DB90042D1A4 /* Main.storyboard */ = {isa = PBXFileReference; fileEncoding = 4; lastKnownFileType = file.storyboard; path = Main.storyboard; sourceTree = "<group>"; };
		0D027FF71F662DB90042D1A4 /* Assets.xcassets */ = {isa = PBXFileReference; lastKnownFileType = folder.assetcatalog; path = Assets.xcassets; sourceTree = "<group>"; };
		0D027FF81F662DB90042D1A4 /* Info.plist */ = {isa = PBXFileReference; fileEncoding = 4; lastKnownFileType = text.plist.xml; path = Info.plist; sourceTree = "<group>"; };
		0D027FFC1F662DB90042D1A4 /* ViewController.swift */ = {isa = PBXFileReference; fileEncoding = 4; lastKnownFileType = sourcecode.swift; path = ViewController.swift; sourceTree = "<group>"; };
		0D0280041F66312C0042D1A4 /* BaseViewController.swift */ = {isa = PBXFileReference; fileEncoding = 4; lastKnownFileType = sourcecode.swift; path = BaseViewController.swift; sourceTree = "<group>"; };
		0D0280061F6631560042D1A4 /* UIStoryboardExtension.swift */ = {isa = PBXFileReference; fileEncoding = 4; lastKnownFileType = sourcecode.swift; path = UIStoryboardExtension.swift; sourceTree = "<group>"; };
		0D0280081F6631A30042D1A4 /* StringExtension.swift */ = {isa = PBXFileReference; fileEncoding = 4; lastKnownFileType = sourcecode.swift; path = StringExtension.swift; sourceTree = "<group>"; };
		0D02800A1F6631C00042D1A4 /* BaseModel.swift */ = {isa = PBXFileReference; fileEncoding = 4; lastKnownFileType = sourcecode.swift; path = BaseModel.swift; sourceTree = "<group>"; };
		0D63B7061F623E470089EF1B /* MVVM.app */ = {isa = PBXFileReference; explicitFileType = wrapper.application; includeInIndex = 0; path = MVVM.app; sourceTree = BUILT_PRODUCTS_DIR; };
		7A74E14A7404A5AB2194255F /* Pods-ZineSpots.release.xcconfig */ = {isa = PBXFileReference; includeInIndex = 1; lastKnownFileType = text.xcconfig; name = "Pods-ZineSpots.release.xcconfig"; path = "Pods/Target Support Files/Pods-ZineSpots/Pods-ZineSpots.release.xcconfig"; sourceTree = "<group>"; };
		D4E45DD24AFE4981B0AD1A08 /* Pods-MVVM.release.xcconfig */ = {isa = PBXFileReference; includeInIndex = 1; lastKnownFileType = text.xcconfig; name = "Pods-MVVM.release.xcconfig"; path = "Pods/Target Support Files/Pods-MVVM/Pods-MVVM.release.xcconfig"; sourceTree = "<group>"; };
		D53F3715264E3E650EBD82D9 /* Pods-MVVM.debug.xcconfig */ = {isa = PBXFileReference; includeInIndex = 1; lastKnownFileType = text.xcconfig; name = "Pods-MVVM.debug.xcconfig"; path = "Pods/Target Support Files/Pods-MVVM/Pods-MVVM.debug.xcconfig"; sourceTree = "<group>"; };
		E308E0BA330CABA9B352CFE1 /* Pods_MVVM.framework */ = {isa = PBXFileReference; explicitFileType = wrapper.framework; includeInIndex = 0; path = Pods_MVVM.framework; sourceTree = BUILT_PRODUCTS_DIR; };
/* End PBXFileReference section */

/* Begin PBXFrameworksBuildPhase section */
		0D63B7031F623E470089EF1B /* Frameworks */ = {
			isa = PBXFrameworksBuildPhase;
			buildActionMask = 2147483647;
			files = (
				3B2122CF7AE11312680822F4 /* Pods_MVVM.framework in Frameworks */,
			);
			runOnlyForDeploymentPostprocessing = 0;
		};
/* End PBXFrameworksBuildPhase section */

/* Begin PBXGroup section */
		0D027FEF1F662DB90042D1A4 /* MVVM */ = {
			isa = PBXGroup;
			children = (
				0D027FF61F662DB90042D1A4 /* Supported Files */,
				0D027FF11F662DB90042D1A4 /* Extension */,
				0D027FF21F662DB90042D1A4 /* Model */,
				0D027FF31F662DB90042D1A4 /* Storyboard */,
				0D027FF91F662DB90042D1A4 /* View */,
				0D027FFD1F662DB90042D1A4 /* ViewModel */,
				0D027FF01F662DB90042D1A4 /* AppDelegate.swift */,
			);
			path = MVVM;
			sourceTree = "<group>";
		};
		0D027FF11F662DB90042D1A4 /* Extension */ = {
			isa = PBXGroup;
			children = (
				0D0280061F6631560042D1A4 /* UIStoryboardExtension.swift */,
				0D0280081F6631A30042D1A4 /* StringExtension.swift */,
			);
			path = Extension;
			sourceTree = "<group>";
		};
		0D027FF21F662DB90042D1A4 /* Model */ = {
			isa = PBXGroup;
			children = (
				0D02800A1F6631C00042D1A4 /* BaseModel.swift */,
			);
			path = Model;
			sourceTree = "<group>";
		};
		0D027FF31F662DB90042D1A4 /* Storyboard */ = {
			isa = PBXGroup;
			children = (
				0D027FF41F662DB90042D1A4 /* LaunchScreen.storyboard */,
				0D027FF51F662DB90042D1A4 /* Main.storyboard */,
			);
			path = Storyboard;
			sourceTree = "<group>";
		};
		0D027FF61F662DB90042D1A4 /* Supported Files */ = {
			isa = PBXGroup;
			children = (
				0D027FF71F662DB90042D1A4 /* Assets.xcassets */,
				0D027FF81F662DB90042D1A4 /* Info.plist */,
			);
			path = "Supported Files";
			sourceTree = "<group>";
		};
		0D027FF91F662DB90042D1A4 /* View */ = {
			isa = PBXGroup;
			children = (
				0D027FFA1F662DB90042D1A4 /* Cells */,
				0D027FFB1F662DB90042D1A4 /* Controllers */,
			);
			path = View;
			sourceTree = "<group>";
		};
		0D027FFA1F662DB90042D1A4 /* Cells */ = {
			isa = PBXGroup;
			children = (
			);
			path = Cells;
			sourceTree = "<group>";
		};
		0D027FFB1F662DB90042D1A4 /* Controllers */ = {
			isa = PBXGroup;
			children = (
				0D0280041F66312C0042D1A4 /* BaseViewController.swift */,
				0D027FFC1F662DB90042D1A4 /* ViewController.swift */,
			);
			path = Controllers;
			sourceTree = "<group>";
		};
		0D027FFD1F662DB90042D1A4 /* ViewModel */ = {
			isa = PBXGroup;
			children = (
			);
			path = ViewModel;
			sourceTree = "<group>";
		};
		0D63B6FD1F623E470089EF1B = {
			isa = PBXGroup;
			children = (
				0D027FEF1F662DB90042D1A4 /* MVVM */,
				0D63B7071F623E470089EF1B /* Products */,
				CD04E01AB103B3F07E647B1C /* Pods */,
				177C9D3A7E4A7F87974F626D /* Frameworks */,
			);
			sourceTree = "<group>";
		};
		0D63B7071F623E470089EF1B /* Products */ = {
			isa = PBXGroup;
			children = (
				0D63B7061F623E470089EF1B /* MVVM.app */,
			);
			name = Products;
			sourceTree = "<group>";
		};
		177C9D3A7E4A7F87974F626D /* Frameworks */ = {
			isa = PBXGroup;
			children = (
				05A9A61FED7E01048DCA08D5 /* Pods_ZineSpots.framework */,
				E308E0BA330CABA9B352CFE1 /* Pods_MVVM.framework */,
			);
			name = Frameworks;
			sourceTree = "<group>";
		};
		CD04E01AB103B3F07E647B1C /* Pods */ = {
			isa = PBXGroup;
			children = (
				04F0E0F2088245A76F47CB1D /* Pods-ZineSpots.debug.xcconfig */,
				7A74E14A7404A5AB2194255F /* Pods-ZineSpots.release.xcconfig */,
				D53F3715264E3E650EBD82D9 /* Pods-MVVM.debug.xcconfig */,
				D4E45DD24AFE4981B0AD1A08 /* Pods-MVVM.release.xcconfig */,
			);
			name = Pods;
			sourceTree = "<group>";
		};
/* End PBXGroup section */

/* Begin PBXNativeTarget section */
		0D63B7051F623E470089EF1B /* MVVM */ = {
			isa = PBXNativeTarget;
			buildConfigurationList = 0D63B7181F623E470089EF1B /* Build configuration list for PBXNativeTarget "MVVM" */;
			buildPhases = (
				18C0FDAD777C877BD37D6FCE /* [CP] Check Pods Manifest.lock */,
				0D63B7021F623E470089EF1B /* Sources */,
				0D63B7031F623E470089EF1B /* Frameworks */,
				0D63B7041F623E470089EF1B /* Resources */,
				0FBD9AEB93DD474354ABAEC5 /* [CP] Embed Pods Frameworks */,
				F9112C990ECE964698DD13C7 /* [CP] Copy Pods Resources */,
			);
			buildRules = (
			);
			dependencies = (
			);
			name = MVVM;
			productName = ZineSpots;
			productReference = 0D63B7061F623E470089EF1B /* MVVM.app */;
			productType = "com.apple.product-type.application";
		};
/* End PBXNativeTarget section */

/* Begin PBXProject section */
		0D63B6FE1F623E470089EF1B /* Project object */ = {
			isa = PBXProject;
			attributes = {
				LastSwiftUpdateCheck = 0830;
				LastUpgradeCheck = 0830;
				ORGANIZATIONNAME = com.pets.shop;
				TargetAttributes = {
					0D63B7051F623E470089EF1B = {
						CreatedOnToolsVersion = 8.3.3;
						ProvisioningStyle = Automatic;
					};
				};
			};
			buildConfigurationList = 0D63B7011F623E470089EF1B /* Build configuration list for PBXProject "MVVM" */;
			compatibilityVersion = "Xcode 3.2";
			developmentRegion = English;
			hasScannedForEncodings = 0;
			knownRegions = (
				en,
				Base,
			);
			mainGroup = 0D63B6FD1F623E470089EF1B;
			productRefGroup = 0D63B7071F623E470089EF1B /* Products */;
			projectDirPath = "";
			projectRoot = "";
			targets = (
				0D63B7051F623E470089EF1B /* MVVM */,
			);
		};
/* End PBXProject section */

/* Begin PBXResourcesBuildPhase section */
		0D63B7041F623E470089EF1B /* Resources */ = {
			isa = PBXResourcesBuildPhase;
			buildActionMask = 2147483647;
			files = (
				0D0280021F662DB90042D1A4 /* Info.plist in Resources */,
				0D027FFF1F662DB90042D1A4 /* LaunchScreen.storyboard in Resources */,
				0D0280011F662DB90042D1A4 /* Assets.xcassets in Resources */,
				0D0280001F662DB90042D1A4 /* Main.storyboard in Resources */,
			);
			runOnlyForDeploymentPostprocessing = 0;
		};
/* End PBXResourcesBuildPhase section */

/* Begin PBXShellScriptBuildPhase section */
		0FBD9AEB93DD474354ABAEC5 /* [CP] Embed Pods Frameworks */ = {
			isa = PBXShellScriptBuildPhase;
			buildActionMask = 2147483647;
			files = (
			);
			inputPaths = (
			);
			name = "[CP] Embed Pods Frameworks";
			outputPaths = (
			);
			runOnlyForDeploymentPostprocessing = 0;
			shellPath = /bin/sh;
			shellScript = "\"${SRCROOT}/Pods/Target Support Files/Pods-MVVM/Pods-MVVM-frameworks.sh\"\n";
			showEnvVarsInLog = 0;
		};
		18C0FDAD777C877BD37D6FCE /* [CP] Check Pods Manifest.lock */ = {
			isa = PBXShellScriptBuildPhase;
			buildActionMask = 2147483647;
			files = (
			);
			inputPaths = (
			);
			name = "[CP] Check Pods Manifest.lock";
			outputPaths = (
			);
			runOnlyForDeploymentPostprocessing = 0;
			shellPath = /bin/sh;
			shellScript = "diff \"${PODS_PODFILE_DIR_PATH}/Podfile.lock\" \"${PODS_ROOT}/Manifest.lock\" > /dev/null\nif [ $? != 0 ] ; then\n    # print error to STDERR\n    echo \"error: The sandbox is not in sync with the Podfile.lock. Run 'pod install' or update your CocoaPods installation.\" >&2\n    exit 1\nfi\n";
			showEnvVarsInLog = 0;
		};
		F9112C990ECE964698DD13C7 /* [CP] Copy Pods Resources */ = {
			isa = PBXShellScriptBuildPhase;
			buildActionMask = 2147483647;
			files = (
			);
			inputPaths = (
			);
			name = "[CP] Copy Pods Resources";
			outputPaths = (
			);
			runOnlyForDeploymentPostprocessing = 0;
			shellPath = /bin/sh;
			shellScript = "\"${SRCROOT}/Pods/Target Support Files/Pods-MVVM/Pods-MVVM-resources.sh\"\n";
			showEnvVarsInLog = 0;
		};
/* End PBXShellScriptBuildPhase section */

/* Begin PBXSourcesBuildPhase section */
		0D63B7021F623E470089EF1B /* Sources */ = {
			isa = PBXSourcesBuildPhase;
			buildActionMask = 2147483647;
			files = (
				0D02800B1F6631C00042D1A4 /* BaseModel.swift in Sources */,
				0D0280031F662DB90042D1A4 /* ViewController.swift in Sources */,
				0D027FFE1F662DB90042D1A4 /* AppDelegate.swift in Sources */,
				0D0280091F6631A30042D1A4 /* StringExtension.swift in Sources */,
				0D0280071F6631560042D1A4 /* UIStoryboardExtension.swift in Sources */,
				0D0280051F66312C0042D1A4 /* BaseViewController.swift in Sources */,
			);
			runOnlyForDeploymentPostprocessing = 0;
		};
/* End PBXSourcesBuildPhase section */

/* Begin XCBuildConfiguration section */
		0D63B7161F623E470089EF1B /* Debug */ = {
			isa = XCBuildConfiguration;
			buildSettings = {
				ALWAYS_SEARCH_USER_PATHS = NO;
				CLANG_ANALYZER_NONNULL = YES;
				CLANG_ANALYZER_NUMBER_OBJECT_CONVERSION = YES_AGGRESSIVE;
				CLANG_CXX_LANGUAGE_STANDARD = "gnu++0x";
				CLANG_CXX_LIBRARY = "libc++";
				CLANG_ENABLE_MODULES = YES;
				CLANG_ENABLE_OBJC_ARC = YES;
				CLANG_WARN_BOOL_CONVERSION = YES;
				CLANG_WARN_CONSTANT_CONVERSION = YES;
				CLANG_WARN_DIRECT_OBJC_ISA_USAGE = YES_ERROR;
				CLANG_WARN_DOCUMENTATION_COMMENTS = YES;
				CLANG_WARN_EMPTY_BODY = YES;
				CLANG_WARN_ENUM_CONVERSION = YES;
				CLANG_WARN_INFINITE_RECURSION = YES;
				CLANG_WARN_INT_CONVERSION = YES;
				CLANG_WARN_OBJC_ROOT_CLASS = YES_ERROR;
				CLANG_WARN_SUSPICIOUS_MOVE = YES;
				CLANG_WARN_UNREACHABLE_CODE = YES;
				CLANG_WARN__DUPLICATE_METHOD_MATCH = YES;
				"CODE_SIGN_IDENTITY[sdk=iphoneos*]" = "iPhone Developer";
				COPY_PHASE_STRIP = NO;
				DEBUG_INFORMATION_FORMAT = dwarf;
				ENABLE_STRICT_OBJC_MSGSEND = YES;
				ENABLE_TESTABILITY = YES;
				GCC_C_LANGUAGE_STANDARD = gnu99;
				GCC_DYNAMIC_NO_PIC = NO;
				GCC_NO_COMMON_BLOCKS = YES;
				GCC_OPTIMIZATION_LEVEL = 0;
				GCC_PREPROCESSOR_DEFINITIONS = (
					"DEBUG=1",
					"$(inherited)",
				);
				GCC_WARN_64_TO_32_BIT_CONVERSION = YES;
				GCC_WARN_ABOUT_RETURN_TYPE = YES_ERROR;
				GCC_WARN_UNDECLARED_SELECTOR = YES;
				GCC_WARN_UNINITIALIZED_AUTOS = YES_AGGRESSIVE;
				GCC_WARN_UNUSED_FUNCTION = YES;
				GCC_WARN_UNUSED_VARIABLE = YES;
				IPHONEOS_DEPLOYMENT_TARGET = 10.3;
				MTL_ENABLE_DEBUG_INFO = YES;
				ONLY_ACTIVE_ARCH = YES;
				SDKROOT = iphoneos;
				SWIFT_ACTIVE_COMPILATION_CONDITIONS = DEBUG;
				SWIFT_OPTIMIZATION_LEVEL = "-Onone";
				TARGETED_DEVICE_FAMILY = "1,2";
			};
			name = Debug;
		};
		0D63B7171F623E470089EF1B /* Release */ = {
			isa = XCBuildConfiguration;
			buildSettings = {
				ALWAYS_SEARCH_USER_PATHS = NO;
				CLANG_ANALYZER_NONNULL = YES;
				CLANG_ANALYZER_NUMBER_OBJECT_CONVERSION = YES_AGGRESSIVE;
				CLANG_CXX_LANGUAGE_STANDARD = "gnu++0x";
				CLANG_CXX_LIBRARY = "libc++";
				CLANG_ENABLE_MODULES = YES;
				CLANG_ENABLE_OBJC_ARC = YES;
				CLANG_WARN_BOOL_CONVERSION = YES;
				CLANG_WARN_CONSTANT_CONVERSION = YES;
				CLANG_WARN_DIRECT_OBJC_ISA_USAGE = YES_ERROR;
				CLANG_WARN_DOCUMENTATION_COMMENTS = YES;
				CLANG_WARN_EMPTY_BODY = YES;
				CLANG_WARN_ENUM_CONVERSION = YES;
				CLANG_WARN_INFINITE_RECURSION = YES;
				CLANG_WARN_INT_CONVERSION = YES;
				CLANG_WARN_OBJC_ROOT_CLASS = YES_ERROR;
				CLANG_WARN_SUSPICIOUS_MOVE = YES;
				CLANG_WARN_UNREACHABLE_CODE = YES;
				CLANG_WARN__DUPLICATE_METHOD_MATCH = YES;
				"CODE_SIGN_IDENTITY[sdk=iphoneos*]" = "iPhone Developer";
				COPY_PHASE_STRIP = NO;
				DEBUG_INFORMATION_FORMAT = "dwarf-with-dsym";
				ENABLE_NS_ASSERTIONS = NO;
				ENABLE_STRICT_OBJC_MSGSEND = YES;
				GCC_C_LANGUAGE_STANDARD = gnu99;
				GCC_NO_COMMON_BLOCKS = YES;
				GCC_WARN_64_TO_32_BIT_CONVERSION = YES;
				GCC_WARN_ABOUT_RETURN_TYPE = YES_ERROR;
				GCC_WARN_UNDECLARED_SELECTOR = YES;
				GCC_WARN_UNINITIALIZED_AUTOS = YES_AGGRESSIVE;
				GCC_WARN_UNUSED_FUNCTION = YES;
				GCC_WARN_UNUSED_VARIABLE = YES;
				IPHONEOS_DEPLOYMENT_TARGET = 10.3;
				MTL_ENABLE_DEBUG_INFO = NO;
				SDKROOT = iphoneos;
				SWIFT_OPTIMIZATION_LEVEL = "-Owholemodule";
				TARGETED_DEVICE_FAMILY = "1,2";
				VALIDATE_PRODUCT = YES;
			};
			name = Release;
		};
		0D63B7191F623E470089EF1B /* Debug */ = {
			isa = XCBuildConfiguration;
			baseConfigurationReference = D53F3715264E3E650EBD82D9 /* Pods-MVVM.debug.xcconfig */;
			buildSettings = {
				ASSETCATALOG_COMPILER_APPICON_NAME = AppIcon;
				INFOPLIST_FILE = "$(SRCROOT)/MVVM/Supported Files/Info.plist";
				LD_RUNPATH_SEARCH_PATHS = "$(inherited) @executable_path/Frameworks";
				PRODUCT_BUNDLE_IDENTIFIER = com.pets.shop.ZineSpots;
				PRODUCT_NAME = "$(TARGET_NAME)";
				SWIFT_VERSION = 3.0;
			};
			name = Debug;
		};
		0D63B71A1F623E470089EF1B /* Release */ = {
			isa = XCBuildConfiguration;
			baseConfigurationReference = D4E45DD24AFE4981B0AD1A08 /* Pods-MVVM.release.xcconfig */;
			buildSettings = {
				ASSETCATALOG_COMPILER_APPICON_NAME = AppIcon;
				INFOPLIST_FILE = "$(SRCROOT)/MVVM/Supported Files/Info.plist";
				LD_RUNPATH_SEARCH_PATHS = "$(inherited) @executable_path/Frameworks";
				PRODUCT_BUNDLE_IDENTIFIER = com.pets.shop.ZineSpots;
				PRODUCT_NAME = "$(TARGET_NAME)";
				SWIFT_VERSION = 3.0;
			};
			name = Release;
		};
/* End XCBuildConfiguration section */

/* Begin XCConfigurationList section */
		0D63B7011F623E470089EF1B /* Build configuration list for PBXProject "MVVM" */ = {
			isa = XCConfigurationList;
			buildConfigurations = (
				0D63B7161F623E470089EF1B /* Debug */,
				0D63B7171F623E470089EF1B /* Release */,
			);
			defaultConfigurationIsVisible = 0;
			defaultConfigurationName = Release;
		};
		0D63B7181F623E470089EF1B /* Build configuration list for PBXNativeTarget "MVVM" */ = {
			isa = XCConfigurationList;
			buildConfigurations = (
				0D63B7191F623E470089EF1B /* Debug */,
				0D63B71A1F623E470089EF1B /* Release */,
			);
			defaultConfigurationIsVisible = 0;
			defaultConfigurationName = Release;
		};
/* End XCConfigurationList section */
	};
	rootObject = 0D63B6FE1F623E470089EF1B /* Project object */;
}
